// !$*UTF8*$!
{
	archiveVersion = 1;
	classes = {
	};
	objectVersion = 48;
	objects = {

/* Begin PBXBuildFile section */
		B848EB522053700400B20B81 /* AppDelegate.m in Sources */ = {isa = PBXBuildFile; fileRef = B848EB512053700400B20B81 /* AppDelegate.m */; };
		B848EB552053700400B20B81 /* ViewController.m in Sources */ = {isa = PBXBuildFile; fileRef = B848EB542053700400B20B81 /* ViewController.m */; };
		B848EB582053700400B20B81 /* Main.storyboard in Resources */ = {isa = PBXBuildFile; fileRef = B848EB562053700400B20B81 /* Main.storyboard */; };
		B848EB5A2053700400B20B81 /* Assets.xcassets in Resources */ = {isa = PBXBuildFile; fileRef = B848EB592053700400B20B81 /* Assets.xcassets */; };
		B848EB5D2053700400B20B81 /* LaunchScreen.storyboard in Resources */ = {isa = PBXBuildFile; fileRef = B848EB5B2053700400B20B81 /* LaunchScreen.storyboard */; };
		B848EB602053700400B20B81 /* main.m in Sources */ = {isa = PBXBuildFile; fileRef = B848EB5F2053700400B20B81 /* main.m */; };
		B848EB6A2053700500B20B81 /* Koala_ImageEditorUITests.m in Sources */ = {isa = PBXBuildFile; fileRef = B848EB692053700500B20B81 /* Koala_ImageEditorUITests.m */; };
/* End PBXBuildFile section */

/* Begin PBXContainerItemProxy section */
		B848EB662053700500B20B81 /* PBXContainerItemProxy */ = {
			isa = PBXContainerItemProxy;
			containerPortal = B848EB452053700400B20B81 /* Project object */;
			proxyType = 1;
			remoteGlobalIDString = B848EB4C2053700400B20B81;
			remoteInfo = "Koala-ImageEditor";
		};
/* End PBXContainerItemProxy section */

/* Begin PBXFileReference section */
		B848EB4D2053700400B20B81 /* Koala-ImageEditor.app */ = {isa = PBXFileReference; explicitFileType = wrapper.application; includeInIndex = 0; path = "Koala-ImageEditor.app"; sourceTree = BUILT_PRODUCTS_DIR; };
		B848EB502053700400B20B81 /* AppDelegate.h */ = {isa = PBXFileReference; lastKnownFileType = sourcecode.c.h; path = AppDelegate.h; sourceTree = "<group>"; };
		B848EB512053700400B20B81 /* AppDelegate.m */ = {isa = PBXFileReference; lastKnownFileType = sourcecode.c.objc; path = AppDelegate.m; sourceTree = "<group>"; };
		B848EB532053700400B20B81 /* ViewController.h */ = {isa = PBXFileReference; lastKnownFileType = sourcecode.c.h; path = ViewController.h; sourceTree = "<group>"; };
		B848EB542053700400B20B81 /* ViewController.m */ = {isa = PBXFileReference; lastKnownFileType = sourcecode.c.objc; path = ViewController.m; sourceTree = "<group>"; };
		B848EB572053700400B20B81 /* Base */ = {isa = PBXFileReference; lastKnownFileType = file.storyboard; name = Base; path = Base.lproj/Main.storyboard; sourceTree = "<group>"; };
		B848EB592053700400B20B81 /* Assets.xcassets */ = {isa = PBXFileReference; lastKnownFileType = folder.assetcatalog; path = Assets.xcassets; sourceTree = "<group>"; };
		B848EB5C2053700400B20B81 /* Base */ = {isa = PBXFileReference; lastKnownFileType = file.storyboard; name = Base; path = Base.lproj/LaunchScreen.storyboard; sourceTree = "<group>"; };
		B848EB5E2053700400B20B81 /* Info.plist */ = {isa = PBXFileReference; lastKnownFileType = text.plist.xml; path = Info.plist; sourceTree = "<group>"; };
		B848EB5F2053700400B20B81 /* main.m */ = {isa = PBXFileReference; lastKnownFileType = sourcecode.c.objc; path = main.m; sourceTree = "<group>"; };
		B848EB652053700500B20B81 /* Koala-ImageEditorUITests.xctest */ = {isa = PBXFileReference; explicitFileType = wrapper.cfbundle; includeInIndex = 0; path = "Koala-ImageEditorUITests.xctest"; sourceTree = BUILT_PRODUCTS_DIR; };
		B848EB692053700500B20B81 /* Koala_ImageEditorUITests.m */ = {isa = PBXFileReference; lastKnownFileType = sourcecode.c.objc; path = Koala_ImageEditorUITests.m; sourceTree = "<group>"; };
		B848EB6B2053700500B20B81 /* Info.plist */ = {isa = PBXFileReference; lastKnownFileType = text.plist.xml; path = Info.plist; sourceTree = "<group>"; };
/* End PBXFileReference section */

/* Begin PBXFrameworksBuildPhase section */
		B848EB4A2053700400B20B81 /* Frameworks */ = {
			isa = PBXFrameworksBuildPhase;
			buildActionMask = 2147483647;
			files = (
			);
			runOnlyForDeploymentPostprocessing = 0;
		};
		B848EB622053700500B20B81 /* Frameworks */ = {
			isa = PBXFrameworksBuildPhase;
			buildActionMask = 2147483647;
			files = (
			);
			runOnlyForDeploymentPostprocessing = 0;
		};
/* End PBXFrameworksBuildPhase section */

/* Begin PBXGroup section */
		B848EB442053700400B20B81 = {
			isa = PBXGroup;
			children = (
				B848EB4F2053700400B20B81 /* Koala-ImageEditor */,
				B848EB682053700500B20B81 /* Koala-ImageEditorUITests */,
				B848EB4E2053700400B20B81 /* Products */,
			);
			sourceTree = "<group>";
		};
		B848EB4E2053700400B20B81 /* Products */ = {
			isa = PBXGroup;
			children = (
				B848EB4D2053700400B20B81 /* Koala-ImageEditor.app */,
				B848EB652053700500B20B81 /* Koala-ImageEditorUITests.xctest */,
			);
			name = Products;
			sourceTree = "<group>";
		};
		B848EB4F2053700400B20B81 /* Koala-ImageEditor */ = {
			isa = PBXGroup;
			children = (
				B848EB502053700400B20B81 /* AppDelegate.h */,
				B848EB512053700400B20B81 /* AppDelegate.m */,
				B848EB532053700400B20B81 /* ViewController.h */,
				B848EB542053700400B20B81 /* ViewController.m */,
				B848EB562053700400B20B81 /* Main.storyboard */,
				B848EB592053700400B20B81 /* Assets.xcassets */,
				B848EB5B2053700400B20B81 /* LaunchScreen.storyboard */,
				B848EB5E2053700400B20B81 /* Info.plist */,
				B848EB5F2053700400B20B81 /* main.m */,
			);
			path = "Koala-ImageEditor";
			sourceTree = "<group>";
		};
		B848EB682053700500B20B81 /* Koala-ImageEditorUITests */ = {
			isa = PBXGroup;
			children = (
				B848EB692053700500B20B81 /* Koala_ImageEditorUITests.m */,
				B848EB6B2053700500B20B81 /* Info.plist */,
			);
			path = "Koala-ImageEditorUITests";
			sourceTree = "<group>";
		};
/* End PBXGroup section */

/* Begin PBXNativeTarget section */
		B848EB4C2053700400B20B81 /* Koala-ImageEditor */ = {
			isa = PBXNativeTarget;
			buildConfigurationList = B848EB6E2053700500B20B81 /* Build configuration list for PBXNativeTarget "Koala-ImageEditor" */;
			buildPhases = (
				B848EB492053700400B20B81 /* Sources */,
				B848EB4A2053700400B20B81 /* Frameworks */,
				B848EB4B2053700400B20B81 /* Resources */,
			);
			buildRules = (
			);
			dependencies = (
			);
			name = "Koala-ImageEditor";
			productName = "Koala-ImageEditor";
			productReference = B848EB4D2053700400B20B81 /* Koala-ImageEditor.app */;
			productType = "com.apple.product-type.application";
		};
		B848EB642053700500B20B81 /* Koala-ImageEditorUITests */ = {
			isa = PBXNativeTarget;
			buildConfigurationList = B848EB712053700500B20B81 /* Build configuration list for PBXNativeTarget "Koala-ImageEditorUITests" */;
			buildPhases = (
				B848EB612053700500B20B81 /* Sources */,
				B848EB622053700500B20B81 /* Frameworks */,
				B848EB632053700500B20B81 /* Resources */,
			);
			buildRules = (
			);
			dependencies = (
				B848EB672053700500B20B81 /* PBXTargetDependency */,
			);
			name = "Koala-ImageEditorUITests";
			productName = "Koala-ImageEditorUITests";
			productReference = B848EB652053700500B20B81 /* Koala-ImageEditorUITests.xctest */;
			productType = "com.apple.product-type.bundle.ui-testing";
		};
/* End PBXNativeTarget section */

/* Begin PBXProject section */
		B848EB452053700400B20B81 /* Project object */ = {
			isa = PBXProject;
			attributes = {
				LastUpgradeCheck = 0920;
				ORGANIZATIONNAME = Koala_zzzZZZ;
				TargetAttributes = {
					B848EB4C2053700400B20B81 = {
						CreatedOnToolsVersion = 9.2;
						ProvisioningStyle = Automatic;
					};
					B848EB642053700500B20B81 = {
						CreatedOnToolsVersion = 9.2;
						ProvisioningStyle = Automatic;
						TestTargetID = B848EB4C2053700400B20B81;
					};
				};
			};
			buildConfigurationList = B848EB482053700400B20B81 /* Build configuration list for PBXProject "Koala-ImageEditor" */;
			compatibilityVersion = "Xcode 8.0";
			developmentRegion = en;
			hasScannedForEncodings = 0;
			knownRegions = (
				en,
				Base,
			);
			mainGroup = B848EB442053700400B20B81;
			productRefGroup = B848EB4E2053700400B20B81 /* Products */;
			projectDirPath = "";
			projectRoot = "";
			targets = (
				B848EB4C2053700400B20B81 /* Koala-ImageEditor */,
				B848EB642053700500B20B81 /* Koala-ImageEditorUITests */,
			);
		};
/* End PBXProject section */

/* Begin PBXResourcesBuildPhase section */
		B848EB4B2053700400B20B81 /* Resources */ = {
			isa = PBXResourcesBuildPhase;
			buildActionMask = 2147483647;
			files = (
				B848EB5D2053700400B20B81 /* LaunchScreen.storyboard in Resources */,
				B848EB5A2053700400B20B81 /* Assets.xcassets in Resources */,
				B848EB582053700400B20B81 /* Main.storyboard in Resources */,
			);
			runOnlyForDeploymentPostprocessing = 0;
		};
		B848EB632053700500B20B81 /* Resources */ = {
			isa = PBXResourcesBuildPhase;
			buildActionMask = 2147483647;
			files = (
			);
			runOnlyForDeploymentPostprocessing = 0;
		};
/* End PBXResourcesBuildPhase section */

/* Begin PBXSourcesBuildPhase section */
		B848EB492053700400B20B81 /* Sources */ = {
			isa = PBXSourcesBuildPhase;
			buildActionMask = 2147483647;
			files = (
				B848EB552053700400B20B81 /* ViewController.m in Sources */,
				B848EB602053700400B20B81 /* main.m in Sources */,
				B848EB522053700400B20B81 /* AppDelegate.m in Sources */,
			);
			runOnlyForDeploymentPostprocessing = 0;
		};
		B848EB612053700500B20B81 /* Sources */ = {
			isa = PBXSourcesBuildPhase;
			buildActionMask = 2147483647;
			files = (
				B848EB6A2053700500B20B81 /* Koala_ImageEditorUITests.m in Sources */,
			);
			runOnlyForDeploymentPostprocessing = 0;
		};
/* End PBXSourcesBuildPhase section */

/* Begin PBXTargetDependency section */
		B848EB672053700500B20B81 /* PBXTargetDependency */ = {
			isa = PBXTargetDependency;
			target = B848EB4C2053700400B20B81 /* Koala-ImageEditor */;
			targetProxy = B848EB662053700500B20B81 /* PBXContainerItemProxy */;
		};
/* End PBXTargetDependency section */

/* Begin PBXVariantGroup section */
		B848EB562053700400B20B81 /* Main.storyboard */ = {
			isa = PBXVariantGroup;
			children = (
				B848EB572053700400B20B81 /* Base */,
			);
			name = Main.storyboard;
			sourceTree = "<group>";
		};
		B848EB5B2053700400B20B81 /* LaunchScreen.storyboard */ = {
			isa = PBXVariantGroup;
			children = (
				B848EB5C2053700400B20B81 /* Base */,
			);
			name = LaunchScreen.storyboard;
			sourceTree = "<group>";
		};
/* End PBXVariantGroup section */

/* Begin XCBuildConfiguration section */
		B848EB6C2053700500B20B81 /* Debug */ = {
			isa = XCBuildConfiguration;
			buildSettings = {
				ALWAYS_SEARCH_USER_PATHS = NO;
				CLANG_ANALYZER_NONNULL = YES;
				CLANG_ANALYZER_NUMBER_OBJECT_CONVERSION = YES_AGGRESSIVE;
				CLANG_CXX_LANGUAGE_STANDARD = "gnu++14";
				CLANG_CXX_LIBRARY = "libc++";
				CLANG_ENABLE_MODULES = YES;
				CLANG_ENABLE_OBJC_ARC = YES;
				CLANG_WARN_BLOCK_CAPTURE_AUTORELEASING = YES;
				CLANG_WARN_BOOL_CONVERSION = YES;
				CLANG_WARN_COMMA = YES;
				CLANG_WARN_CONSTANT_CONVERSION = YES;
				CLANG_WARN_DIRECT_OBJC_ISA_USAGE = YES_ERROR;
				CLANG_WARN_DOCUMENTATION_COMMENTS = YES;
				CLANG_WARN_EMPTY_BODY = YES;
				CLANG_WARN_ENUM_CONVERSION = YES;
				CLANG_WARN_INFINITE_RECURSION = YES;
				CLANG_WARN_INT_CONVERSION = YES;
				CLANG_WARN_NON_LITERAL_NULL_CONVERSION = YES;
				CLANG_WARN_OBJC_LITERAL_CONVERSION = YES;
				CLANG_WARN_OBJC_ROOT_CLASS = YES_ERROR;
				CLANG_WARN_RANGE_LOOP_ANALYSIS = YES;
				CLANG_WARN_STRICT_PROTOTYPES = YES;
				CLANG_WARN_SUSPICIOUS_MOVE = YES;
				CLANG_WARN_UNGUARDED_AVAILABILITY = YES_AGGRESSIVE;
				CLANG_WARN_UNREACHABLE_CODE = YES;
				CLANG_WARN__DUPLICATE_METHOD_MATCH = YES;
				CODE_SIGN_IDENTITY = "iPhone Developer";
				COPY_PHASE_STRIP = NO;
				DEBUG_INFORMATION_FORMAT = dwarf;
				ENABLE_STRICT_OBJC_MSGSEND = YES;
				ENABLE_TESTABILITY = YES;
				GCC_C_LANGUAGE_STANDARD = gnu11;
				GCC_DYNAMIC_NO_PIC = NO;
				GCC_NO_COMMON_BLOCKS = YES;
				GCC_OPTIMIZATION_LEVEL = 0;
				GCC_PREPROCESSOR_DEFINITIONS = (
					"DEBUG=1",
					"$(inherited)",
				);
				GCC_WARN_64_TO_32_BIT_CONVERSION = YES;
				GCC_WARN_ABOUT_RETURN_TYPE = YES_ERROR;
				GCC_WARN_UNDECLARED_SELECTOR = YES;
				GCC_WARN_UNINITIALIZED_AUTOS = YES_AGGRESSIVE;
				GCC_WARN_UNUSED_FUNCTION = YES;
				GCC_WARN_UNUSED_VARIABLE = YES;
				IPHONEOS_DEPLOYMENT_TARGET = 11.2;
				MTL_ENABLE_DEBUG_INFO = YES;
				ONLY_ACTIVE_ARCH = YES;
				SDKROOT = iphoneos;
			};
			name = Debug;
		};
		B848EB6D2053700500B20B81 /* Release */ = {
			isa = XCBuildConfiguration;
			buildSettings = {
				ALWAYS_SEARCH_USER_PATHS = NO;
				CLANG_ANALYZER_NONNULL = YES;
				CLANG_ANALYZER_NUMBER_OBJECT_CONVERSION = YES_AGGRESSIVE;
				CLANG_CXX_LANGUAGE_STANDARD = "gnu++14";
				CLANG_CXX_LIBRARY = "libc++";
				CLANG_ENABLE_MODULES = YES;
				CLANG_ENABLE_OBJC_ARC = YES;
				CLANG_WARN_BLOCK_CAPTURE_AUTORELEASING = YES;
				CLANG_WARN_BOOL_CONVERSION = YES;
				CLANG_WARN_COMMA = YES;
				CLANG_WARN_CONSTANT_CONVERSION = YES;
				CLANG_WARN_DIRECT_OBJC_ISA_USAGE = YES_ERROR;
				CLANG_WARN_DOCUMENTATION_COMMENTS = YES;
				CLANG_WARN_EMPTY_BODY = YES;
				CLANG_WARN_ENUM_CONVERSION = YES;
				CLANG_WARN_INFINITE_RECURSION = YES;
				CLANG_WARN_INT_CONVERSION = YES;
				CLANG_WARN_NON_LITERAL_NULL_CONVERSION = YES;
				CLANG_WARN_OBJC_LITERAL_CONVERSION = YES;
				CLANG_WARN_OBJC_ROOT_CLASS = YES_ERROR;
				CLANG_WARN_RANGE_LOOP_ANALYSIS = YES;
				CLANG_WARN_STRICT_PROTOTYPES = YES;
				CLANG_WARN_SUSPICIOUS_MOVE = YES;
				CLANG_WARN_UNGUARDED_AVAILABILITY = YES_AGGRESSIVE;
				CLANG_WARN_UNREACHABLE_CODE = YES;
				CLANG_WARN__DUPLICATE_METHOD_MATCH = YES;
				CODE_SIGN_IDENTITY = "iPhone Developer";
				COPY_PHASE_STRIP = NO;
				DEBUG_INFORMATION_FORMAT = "dwarf-with-dsym";
				ENABLE_NS_ASSERTIONS = NO;
				ENABLE_STRICT_OBJC_MSGSEND = YES;
				GCC_C_LANGUAGE_STANDARD = gnu11;
				GCC_NO_COMMON_BLOCKS = YES;
				GCC_WARN_64_TO_32_BIT_CONVERSION = YES;
				GCC_WARN_ABOUT_RETURN_TYPE = YES_ERROR;
				GCC_WARN_UNDECLARED_SELECTOR = YES;
				GCC_WARN_UNINITIALIZED_AUTOS = YES_AGGRESSIVE;
				GCC_WARN_UNUSED_FUNCTION = YES;
				GCC_WARN_UNUSED_VARIABLE = YES;
				IPHONEOS_DEPLOYMENT_TARGET = 11.2;
				MTL_ENABLE_DEBUG_INFO = NO;
				SDKROOT = iphoneos;
				VALIDATE_PRODUCT = YES;
			};
			name = Release;
		};
		B848EB6F2053700500B20B81 /* Debug */ = {
			isa = XCBuildConfiguration;
			buildSettings = {
				ASSETCATALOG_COMPILER_APPICON_NAME = AppIcon;
				CODE_SIGN_STYLE = Automatic;
				DEVELOPMENT_TEAM = NV2GTG5327;
				INFOPLIST_FILE = "Koala-ImageEditor/Info.plist";
				LD_RUNPATH_SEARCH_PATHS = "$(inherited) @executable_path/Frameworks";
				PRODUCT_BUNDLE_IDENTIFIER = "Koala-zzzZZZ.Koala-ImageEditor";
				PRODUCT_NAME = "$(TARGET_NAME)";
				TARGETED_DEVICE_FAMILY = "1,2";
			};
			name = Debug;
		};
		B848EB702053700500B20B81 /* Release */ = {
			isa = XCBuildConfiguration;
			buildSettings = {
				ASSETCATALOG_COMPILER_APPICON_NAME = AppIcon;
				CODE_SIGN_STYLE = Automatic;
				DEVELOPMENT_TEAM = NV2GTG5327;
				INFOPLIST_FILE = "Koala-ImageEditor/Info.plist";
				LD_RUNPATH_SEARCH_PATHS = "$(inherited) @executable_path/Frameworks";
				PRODUCT_BUNDLE_IDENTIFIER = "Koala-zzzZZZ.Koala-ImageEditor";
				PRODUCT_NAME = "$(TARGET_NAME)";
				TARGETED_DEVICE_FAMILY = "1,2";
			};
			name = Release;
		};
		B848EB722053700500B20B81 /* Debug */ = {
			isa = XCBuildConfiguration;
			buildSettings = {
				CODE_SIGN_STYLE = Automatic;
				DEVELOPMENT_TEAM = NV2GTG5327;
				INFOPLIST_FILE = "Koala-ImageEditorUITests/Info.plist";
				LD_RUNPATH_SEARCH_PATHS = "$(inherited) @executable_path/Frameworks @loader_path/Frameworks";
				PRODUCT_BUNDLE_IDENTIFIER = "Koala-zzzZZZ.Koala-ImageEditorUITests";
				PRODUCT_NAME = "$(TARGET_NAME)";
				TARGETED_DEVICE_FAMILY = "1,2";
				TEST_TARGET_NAME = "Koala-ImageEditor";
			};
			name = Debug;
		};
		B848EB732053700500B20B81 /* Release */ = {
			isa = XCBuildConfiguration;
			buildSettings = {
				CODE_SIGN_STYLE = Automatic;
				DEVELOPMENT_TEAM = NV2GTG5327;
				INFOPLIST_FILE = "Koala-ImageEditorUITests/Info.plist";
				LD_RUNPATH_SEARCH_PATHS = "$(inherited) @executable_path/Frameworks @loader_path/Frameworks";
				PRODUCT_BUNDLE_IDENTIFIER = "Koala-zzzZZZ.Koala-ImageEditorUITests";
				PRODUCT_NAME = "$(TARGET_NAME)";
				TARGETED_DEVICE_FAMILY = "1,2";
				TEST_TARGET_NAME = "Koala-ImageEditor";
			};
			name = Release;
		};
/* End XCBuildConfiguration section */

/* Begin XCConfigurationList section */
		B848EB482053700400B20B81 /* Build configuration list for PBXProject "Koala-ImageEditor" */ = {
			isa = XCConfigurationList;
			buildConfigurations = (
				B848EB6C2053700500B20B81 /* Debug */,
				B848EB6D2053700500B20B81 /* Release */,
			);
			defaultConfigurationIsVisible = 0;
			defaultConfigurationName = Release;
		};
		B848EB6E2053700500B20B81 /* Build configuration list for PBXNativeTarget "Koala-ImageEditor" */ = {
			isa = XCConfigurationList;
			buildConfigurations = (
				B848EB6F2053700500B20B81 /* Debug */,
				B848EB702053700500B20B81 /* Release */,
			);
			defaultConfigurationIsVisible = 0;
			defaultConfigurationName = Release;
		};
		B848EB712053700500B20B81 /* Build configuration list for PBXNativeTarget "Koala-ImageEditorUITests" */ = {
			isa = XCConfigurationList;
			buildConfigurations = (
				B848EB722053700500B20B81 /* Debug */,
				B848EB732053700500B20B81 /* Release */,
			);
			defaultConfigurationIsVisible = 0;
			defaultConfigurationName = Release;
		};
/* End XCConfigurationList section */
	};
	rootObject = B848EB452053700400B20B81 /* Project object */;
}
